// !$*UTF8*$!
{
	archiveVersion = 1;
	classes = {
	};
	objectVersion = 56;
	objects = {

/* Begin PBXBuildFile section */
		A36D5BACD8294B5FEA87C239 /* Pods_pasv_card.framework in Frameworks */ = {isa = PBXBuildFile; fileRef = 3CCD371EE930B242B252B852 /* Pods_pasv_card.framework */; };
		FA393CB82B0FD3B1003AE2DE /* AppDelegate.swift in Sources */ = {isa = PBXBuildFile; fileRef = FA393CB72B0FD3B1003AE2DE /* AppDelegate.swift */; };
		FA393CBA2B0FD3B1003AE2DE /* SceneDelegate.swift in Sources */ = {isa = PBXBuildFile; fileRef = FA393CB92B0FD3B1003AE2DE /* SceneDelegate.swift */; };
		FA393CBC2B0FD3B1003AE2DE /* ViewController.swift in Sources */ = {isa = PBXBuildFile; fileRef = FA393CBB2B0FD3B1003AE2DE /* ViewController.swift */; };
		FA393CBF2B0FD3B2003AE2DE /* Main.storyboard in Resources */ = {isa = PBXBuildFile; fileRef = FA393CBD2B0FD3B2003AE2DE /* Main.storyboard */; };
		FA393CC12B0FD3B3003AE2DE /* Assets.xcassets in Resources */ = {isa = PBXBuildFile; fileRef = FA393CC02B0FD3B3003AE2DE /* Assets.xcassets */; };
		FA393CC42B0FD3B3003AE2DE /* LaunchScreen.storyboard in Resources */ = {isa = PBXBuildFile; fileRef = FA393CC22B0FD3B3003AE2DE /* LaunchScreen.storyboard */; };
		FA4B6EC12B39DFF500A18F3B /* SecondViewController.swift in Sources */ = {isa = PBXBuildFile; fileRef = FA4B6EC02B39DFF500A18F3B /* SecondViewController.swift */; };
		FAA4347E2B9D213D00751459 /* MarkdownView in Frameworks */ = {isa = PBXBuildFile; productRef = FAA4347D2B9D213D00751459 /* MarkdownView */; };
/* End PBXBuildFile section */

/* Begin PBXFileReference section */
		229C2D6D73767FB94A52F6AD /* Pods-pasv_card.release.xcconfig */ = {isa = PBXFileReference; includeInIndex = 1; lastKnownFileType = text.xcconfig; name = "Pods-pasv_card.release.xcconfig"; path = "Target Support Files/Pods-pasv_card/Pods-pasv_card.release.xcconfig"; sourceTree = "<group>"; };
		32CB20771557B8E693F142CA /* Pods-pasv_card.debug.xcconfig */ = {isa = PBXFileReference; includeInIndex = 1; lastKnownFileType = text.xcconfig; name = "Pods-pasv_card.debug.xcconfig"; path = "Target Support Files/Pods-pasv_card/Pods-pasv_card.debug.xcconfig"; sourceTree = "<group>"; };
		3CCD371EE930B242B252B852 /* Pods_pasv_card.framework */ = {isa = PBXFileReference; explicitFileType = wrapper.framework; includeInIndex = 0; path = Pods_pasv_card.framework; sourceTree = BUILT_PRODUCTS_DIR; };
		FA393CB42B0FD3B1003AE2DE /* pasv_card.app */ = {isa = PBXFileReference; explicitFileType = wrapper.application; includeInIndex = 0; path = pasv_card.app; sourceTree = BUILT_PRODUCTS_DIR; };
		FA393CB72B0FD3B1003AE2DE /* AppDelegate.swift */ = {isa = PBXFileReference; lastKnownFileType = sourcecode.swift; path = AppDelegate.swift; sourceTree = "<group>"; };
		FA393CB92B0FD3B1003AE2DE /* SceneDelegate.swift */ = {isa = PBXFileReference; lastKnownFileType = sourcecode.swift; path = SceneDelegate.swift; sourceTree = "<group>"; };
		FA393CBB2B0FD3B1003AE2DE /* ViewController.swift */ = {isa = PBXFileReference; lastKnownFileType = sourcecode.swift; path = ViewController.swift; sourceTree = "<group>"; };
		FA393CBE2B0FD3B2003AE2DE /* Base */ = {isa = PBXFileReference; lastKnownFileType = file.storyboard; name = Base; path = Base.lproj/Main.storyboard; sourceTree = "<group>"; };
		FA393CC02B0FD3B3003AE2DE /* Assets.xcassets */ = {isa = PBXFileReference; lastKnownFileType = folder.assetcatalog; path = Assets.xcassets; sourceTree = "<group>"; };
		FA393CC32B0FD3B3003AE2DE /* Base */ = {isa = PBXFileReference; lastKnownFileType = file.storyboard; name = Base; path = Base.lproj/LaunchScreen.storyboard; sourceTree = "<group>"; };
		FA393CC52B0FD3B3003AE2DE /* Info.plist */ = {isa = PBXFileReference; lastKnownFileType = text.plist.xml; path = Info.plist; sourceTree = "<group>"; };
		FA4B6EC02B39DFF500A18F3B /* SecondViewController.swift */ = {isa = PBXFileReference; lastKnownFileType = sourcecode.swift; path = SecondViewController.swift; sourceTree = "<group>"; };
/* End PBXFileReference section */

/* Begin PBXFrameworksBuildPhase section */
		FA393CB12B0FD3B1003AE2DE /* Frameworks */ = {
			isa = PBXFrameworksBuildPhase;
			buildActionMask = 2147483647;
			files = (
				FAA4347E2B9D213D00751459 /* MarkdownView in Frameworks */,
				A36D5BACD8294B5FEA87C239 /* Pods_pasv_card.framework in Frameworks */,
			);
			runOnlyForDeploymentPostprocessing = 0;
		};
/* End PBXFrameworksBuildPhase section */

/* Begin PBXGroup section */
		1D7B3FA03029AFAC09F81078 /* Frameworks */ = {
			isa = PBXGroup;
			children = (
				3CCD371EE930B242B252B852 /* Pods_pasv_card.framework */,
			);
			name = Frameworks;
			sourceTree = "<group>";
		};
		98B6C2F051A992C998596487 /* Pods */ = {
			isa = PBXGroup;
			children = (
				32CB20771557B8E693F142CA /* Pods-pasv_card.debug.xcconfig */,
				229C2D6D73767FB94A52F6AD /* Pods-pasv_card.release.xcconfig */,
			);
			path = Pods;
			sourceTree = "<group>";
		};
		FA393CAB2B0FD3B1003AE2DE = {
			isa = PBXGroup;
			children = (
				FA393CB62B0FD3B1003AE2DE /* pasv_card */,
				FA393CB52B0FD3B1003AE2DE /* Products */,
				98B6C2F051A992C998596487 /* Pods */,
				1D7B3FA03029AFAC09F81078 /* Frameworks */,
			);
			sourceTree = "<group>";
		};
		FA393CB52B0FD3B1003AE2DE /* Products */ = {
			isa = PBXGroup;
			children = (
				FA393CB42B0FD3B1003AE2DE /* pasv_card.app */,
			);
			name = Products;
			sourceTree = "<group>";
		};
		FA393CB62B0FD3B1003AE2DE /* pasv_card */ = {
			isa = PBXGroup;
			children = (
				FA393CB72B0FD3B1003AE2DE /* AppDelegate.swift */,
				FA393CB92B0FD3B1003AE2DE /* SceneDelegate.swift */,
				FA4B6EC02B39DFF500A18F3B /* SecondViewController.swift */,
				FA393CBB2B0FD3B1003AE2DE /* ViewController.swift */,
				FA393CBD2B0FD3B2003AE2DE /* Main.storyboard */,
				FA393CC02B0FD3B3003AE2DE /* Assets.xcassets */,
				FA393CC22B0FD3B3003AE2DE /* LaunchScreen.storyboard */,
				FA393CC52B0FD3B3003AE2DE /* Info.plist */,
			);
			path = pasv_card;
			sourceTree = "<group>";
		};
/* End PBXGroup section */

/* Begin PBXNativeTarget section */
		FA393CB32B0FD3B1003AE2DE /* pasv_card */ = {
			isa = PBXNativeTarget;
			buildConfigurationList = FA393CC82B0FD3B3003AE2DE /* Build configuration list for PBXNativeTarget "pasv_card" */;
			buildPhases = (
				4DE83D80605C8F0BF0FF28E1 /* [CP] Check Pods Manifest.lock */,
				FA393CB02B0FD3B1003AE2DE /* Sources */,
				FA393CB12B0FD3B1003AE2DE /* Frameworks */,
				FA393CB22B0FD3B1003AE2DE /* Resources */,
				EE20B1503FF66E11CE2AB827 /* [CP] Embed Pods Frameworks */,
			);
			buildRules = (
			);
			dependencies = (
			);
			name = pasv_card;
			packageProductDependencies = (
				FAA4347D2B9D213D00751459 /* MarkdownView */,
			);
			productName = pasv_card;
			productReference = FA393CB42B0FD3B1003AE2DE /* pasv_card.app */;
			productType = "com.apple.product-type.application";
		};
/* End PBXNativeTarget section */

/* Begin PBXProject section */
		FA393CAC2B0FD3B1003AE2DE /* Project object */ = {
			isa = PBXProject;
			attributes = {
				BuildIndependentTargetsInParallel = 1;
				LastSwiftUpdateCheck = 1420;
				LastUpgradeCheck = 1420;
				TargetAttributes = {
					FA393CB32B0FD3B1003AE2DE = {
						CreatedOnToolsVersion = 14.2;
					};
				};
			};
			buildConfigurationList = FA393CAF2B0FD3B1003AE2DE /* Build configuration list for PBXProject "pasv_card" */;
			compatibilityVersion = "Xcode 14.0";
			developmentRegion = en;
			hasScannedForEncodings = 0;
			knownRegions = (
				en,
				Base,
			);
			mainGroup = FA393CAB2B0FD3B1003AE2DE;
			packageReferences = (
				FAA4347C2B9D213D00751459 /* XCRemoteSwiftPackageReference "MarkdownView" */,
			);
			productRefGroup = FA393CB52B0FD3B1003AE2DE /* Products */;
			projectDirPath = "";
			projectRoot = "";
			targets = (
				FA393CB32B0FD3B1003AE2DE /* pasv_card */,
			);
		};
/* End PBXProject section */

/* Begin PBXResourcesBuildPhase section */
		FA393CB22B0FD3B1003AE2DE /* Resources */ = {
			isa = PBXResourcesBuildPhase;
			buildActionMask = 2147483647;
			files = (
				FA393CC42B0FD3B3003AE2DE /* LaunchScreen.storyboard in Resources */,
				FA393CC12B0FD3B3003AE2DE /* Assets.xcassets in Resources */,
				FA393CBF2B0FD3B2003AE2DE /* Main.storyboard in Resources */,
			);
			runOnlyForDeploymentPostprocessing = 0;
		};
/* End PBXResourcesBuildPhase section */

/* Begin PBXShellScriptBuildPhase section */
		4DE83D80605C8F0BF0FF28E1 /* [CP] Check Pods Manifest.lock */ = {
			isa = PBXShellScriptBuildPhase;
			buildActionMask = 2147483647;
			files = (
			);
			inputFileListPaths = (
			);
			inputPaths = (
				"${PODS_PODFILE_DIR_PATH}/Podfile.lock",
				"${PODS_ROOT}/Manifest.lock",
			);
			name = "[CP] Check Pods Manifest.lock";
			outputFileListPaths = (
			);
			outputPaths = (
				"$(DERIVED_FILE_DIR)/Pods-pasv_card-checkManifestLockResult.txt",
			);
			runOnlyForDeploymentPostprocessing = 0;
			shellPath = /bin/sh;
			shellScript = "diff \"${PODS_PODFILE_DIR_PATH}/Podfile.lock\" \"${PODS_ROOT}/Manifest.lock\" > /dev/null\nif [ $? != 0 ] ; then\n    # print error to STDERR\n    echo \"error: The sandbox is not in sync with the Podfile.lock. Run 'pod install' or update your CocoaPods installation.\" >&2\n    exit 1\nfi\n# This output is used by Xcode 'outputs' to avoid re-running this script phase.\necho \"SUCCESS\" > \"${SCRIPT_OUTPUT_FILE_0}\"\n";
			showEnvVarsInLog = 0;
		};
		EE20B1503FF66E11CE2AB827 /* [CP] Embed Pods Frameworks */ = {
			isa = PBXShellScriptBuildPhase;
			buildActionMask = 2147483647;
			files = (
			);
			inputFileListPaths = (
				"${PODS_ROOT}/Target Support Files/Pods-pasv_card/Pods-pasv_card-frameworks-${CONFIGURATION}-input-files.xcfilelist",
			);
			name = "[CP] Embed Pods Frameworks";
			outputFileListPaths = (
				"${PODS_ROOT}/Target Support Files/Pods-pasv_card/Pods-pasv_card-frameworks-${CONFIGURATION}-output-files.xcfilelist",
			);
			runOnlyForDeploymentPostprocessing = 0;
			shellPath = /bin/sh;
			shellScript = "\"${PODS_ROOT}/Target Support Files/Pods-pasv_card/Pods-pasv_card-frameworks.sh\"\n";
			showEnvVarsInLog = 0;
		};
/* End PBXShellScriptBuildPhase section */

/* Begin PBXSourcesBuildPhase section */
		FA393CB02B0FD3B1003AE2DE /* Sources */ = {
			isa = PBXSourcesBuildPhase;
			buildActionMask = 2147483647;
			files = (
				FA4B6EC12B39DFF500A18F3B /* SecondViewController.swift in Sources */,
				FA393CBC2B0FD3B1003AE2DE /* ViewController.swift in Sources */,
				FA393CB82B0FD3B1003AE2DE /* AppDelegate.swift in Sources */,
				FA393CBA2B0FD3B1003AE2DE /* SceneDelegate.swift in Sources */,
			);
			runOnlyForDeploymentPostprocessing = 0;
		};
/* End PBXSourcesBuildPhase section */

/* Begin PBXVariantGroup section */
		FA393CBD2B0FD3B2003AE2DE /* Main.storyboard */ = {
			isa = PBXVariantGroup;
			children = (
				FA393CBE2B0FD3B2003AE2DE /* Base */,
			);
			name = Main.storyboard;
			sourceTree = "<group>";
		};
		FA393CC22B0FD3B3003AE2DE /* LaunchScreen.storyboard */ = {
			isa = PBXVariantGroup;
			children = (
				FA393CC32B0FD3B3003AE2DE /* Base */,
			);
			name = LaunchScreen.storyboard;
			sourceTree = "<group>";
		};
/* End PBXVariantGroup section */

/* Begin XCBuildConfiguration section */
		FA393CC62B0FD3B3003AE2DE /* Debug */ = {
			isa = XCBuildConfiguration;
			buildSettings = {
				ALWAYS_SEARCH_USER_PATHS = NO;
				CLANG_ANALYZER_NONNULL = YES;
				CLANG_ANALYZER_NUMBER_OBJECT_CONVERSION = YES_AGGRESSIVE;
				CLANG_CXX_LANGUAGE_STANDARD = "gnu++20";
				CLANG_ENABLE_MODULES = YES;
				CLANG_ENABLE_OBJC_ARC = YES;
				CLANG_ENABLE_OBJC_WEAK = YES;
				CLANG_WARN_BLOCK_CAPTURE_AUTORELEASING = YES;
				CLANG_WARN_BOOL_CONVERSION = YES;
				CLANG_WARN_COMMA = YES;
				CLANG_WARN_CONSTANT_CONVERSION = YES;
				CLANG_WARN_DEPRECATED_OBJC_IMPLEMENTATIONS = YES;
				CLANG_WARN_DIRECT_OBJC_ISA_USAGE = YES_ERROR;
				CLANG_WARN_DOCUMENTATION_COMMENTS = YES;
				CLANG_WARN_EMPTY_BODY = YES;
				CLANG_WARN_ENUM_CONVERSION = YES;
				CLANG_WARN_INFINITE_RECURSION = YES;
				CLANG_WARN_INT_CONVERSION = YES;
				CLANG_WARN_NON_LITERAL_NULL_CONVERSION = YES;
				CLANG_WARN_OBJC_IMPLICIT_RETAIN_SELF = YES;
				CLANG_WARN_OBJC_LITERAL_CONVERSION = YES;
				CLANG_WARN_OBJC_ROOT_CLASS = YES_ERROR;
				CLANG_WARN_QUOTED_INCLUDE_IN_FRAMEWORK_HEADER = YES;
				CLANG_WARN_RANGE_LOOP_ANALYSIS = YES;
				CLANG_WARN_STRICT_PROTOTYPES = YES;
				CLANG_WARN_SUSPICIOUS_MOVE = YES;
				CLANG_WARN_UNGUARDED_AVAILABILITY = YES_AGGRESSIVE;
				CLANG_WARN_UNREACHABLE_CODE = YES;
				CLANG_WARN__DUPLICATE_METHOD_MATCH = YES;
				COPY_PHASE_STRIP = NO;
				DEBUG_INFORMATION_FORMAT = dwarf;
				ENABLE_STRICT_OBJC_MSGSEND = YES;
				ENABLE_TESTABILITY = YES;
				GCC_C_LANGUAGE_STANDARD = gnu11;
				GCC_DYNAMIC_NO_PIC = NO;
				GCC_NO_COMMON_BLOCKS = YES;
				GCC_OPTIMIZATION_LEVEL = 0;
				GCC_PREPROCESSOR_DEFINITIONS = (
					"DEBUG=1",
					"$(inherited)",
				);
				GCC_WARN_64_TO_32_BIT_CONVERSION = YES;
				GCC_WARN_ABOUT_RETURN_TYPE = YES_ERROR;
				GCC_WARN_UNDECLARED_SELECTOR = YES;
				GCC_WARN_UNINITIALIZED_AUTOS = YES_AGGRESSIVE;
				GCC_WARN_UNUSED_FUNCTION = YES;
				GCC_WARN_UNUSED_VARIABLE = YES;
				IPHONEOS_DEPLOYMENT_TARGET = 16.2;
				MTL_ENABLE_DEBUG_INFO = INCLUDE_SOURCE;
				MTL_FAST_MATH = YES;
				ONLY_ACTIVE_ARCH = YES;
				SDKROOT = iphoneos;
				SWIFT_ACTIVE_COMPILATION_CONDITIONS = DEBUG;
				SWIFT_OPTIMIZATION_LEVEL = "-Onone";
			};
			name = Debug;
		};
		FA393CC72B0FD3B3003AE2DE /* Release */ = {
			isa = XCBuildConfiguration;
			buildSettings = {
				ALWAYS_SEARCH_USER_PATHS = NO;
				CLANG_ANALYZER_NONNULL = YES;
				CLANG_ANALYZER_NUMBER_OBJECT_CONVERSION = YES_AGGRESSIVE;
				CLANG_CXX_LANGUAGE_STANDARD = "gnu++20";
				CLANG_ENABLE_MODULES = YES;
				CLANG_ENABLE_OBJC_ARC = YES;
				CLANG_ENABLE_OBJC_WEAK = YES;
				CLANG_WARN_BLOCK_CAPTURE_AUTORELEASING = YES;
				CLANG_WARN_BOOL_CONVERSION = YES;
				CLANG_WARN_COMMA = YES;
				CLANG_WARN_CONSTANT_CONVERSION = YES;
				CLANG_WARN_DEPRECATED_OBJC_IMPLEMENTATIONS = YES;
				CLANG_WARN_DIRECT_OBJC_ISA_USAGE = YES_ERROR;
				CLANG_WARN_DOCUMENTATION_COMMENTS = YES;
				CLANG_WARN_EMPTY_BODY = YES;
				CLANG_WARN_ENUM_CONVERSION = YES;
				CLANG_WARN_INFINITE_RECURSION = YES;
				CLANG_WARN_INT_CONVERSION = YES;
				CLANG_WARN_NON_LITERAL_NULL_CONVERSION = YES;
				CLANG_WARN_OBJC_IMPLICIT_RETAIN_SELF = YES;
				CLANG_WARN_OBJC_LITERAL_CONVERSION = YES;
				CLANG_WARN_OBJC_ROOT_CLASS = YES_ERROR;
				CLANG_WARN_QUOTED_INCLUDE_IN_FRAMEWORK_HEADER = YES;
				CLANG_WARN_RANGE_LOOP_ANALYSIS = YES;
				CLANG_WARN_STRICT_PROTOTYPES = YES;
				CLANG_WARN_SUSPICIOUS_MOVE = YES;
				CLANG_WARN_UNGUARDED_AVAILABILITY = YES_AGGRESSIVE;
				CLANG_WARN_UNREACHABLE_CODE = YES;
				CLANG_WARN__DUPLICATE_METHOD_MATCH = YES;
				COPY_PHASE_STRIP = NO;
				DEBUG_INFORMATION_FORMAT = "dwarf-with-dsym";
				ENABLE_NS_ASSERTIONS = NO;
				ENABLE_STRICT_OBJC_MSGSEND = YES;
				GCC_C_LANGUAGE_STANDARD = gnu11;
				GCC_NO_COMMON_BLOCKS = YES;
				GCC_WARN_64_TO_32_BIT_CONVERSION = YES;
				GCC_WARN_ABOUT_RETURN_TYPE = YES_ERROR;
				GCC_WARN_UNDECLARED_SELECTOR = YES;
				GCC_WARN_UNINITIALIZED_AUTOS = YES_AGGRESSIVE;
				GCC_WARN_UNUSED_FUNCTION = YES;
				GCC_WARN_UNUSED_VARIABLE = YES;
				IPHONEOS_DEPLOYMENT_TARGET = 16.2;
				MTL_ENABLE_DEBUG_INFO = NO;
				MTL_FAST_MATH = YES;
				SDKROOT = iphoneos;
				SWIFT_COMPILATION_MODE = wholemodule;
				SWIFT_OPTIMIZATION_LEVEL = "-O";
				VALIDATE_PRODUCT = YES;
			};
			name = Release;
		};
		FA393CC92B0FD3B3003AE2DE /* Debug */ = {
			isa = XCBuildConfiguration;
			baseConfigurationReference = 32CB20771557B8E693F142CA /* Pods-pasv_card.debug.xcconfig */;
			buildSettings = {
				ASSETCATALOG_COMPILER_APPICON_NAME = AppIcon;
				ASSETCATALOG_COMPILER_GLOBAL_ACCENT_COLOR_NAME = AccentColor;
				CODE_SIGN_STYLE = Automatic;
				CURRENT_PROJECT_VERSION = 1;
				DEVELOPMENT_TEAM = F7PJFMPBYH;
				GENERATE_INFOPLIST_FILE = YES;
				INFOPLIST_FILE = pasv_card/Info.plist;
				INFOPLIST_KEY_UIApplicationSupportsIndirectInputEvents = YES;
				INFOPLIST_KEY_UILaunchStoryboardName = LaunchScreen;
				INFOPLIST_KEY_UIMainStoryboardFile = Main;
				INFOPLIST_KEY_UISupportedInterfaceOrientations_iPad = "UIInterfaceOrientationPortrait UIInterfaceOrientationPortraitUpsideDown UIInterfaceOrientationLandscapeLeft UIInterfaceOrientationLandscapeRight";
				INFOPLIST_KEY_UISupportedInterfaceOrientations_iPhone = "UIInterfaceOrientationPortrait UIInterfaceOrientationLandscapeLeft UIInterfaceOrientationLandscapeRight";
				LD_RUNPATH_SEARCH_PATHS = (
					"$(inherited)",
					"@executable_path/Frameworks",
				);
				MARKETING_VERSION = 1.0;
				PRODUCT_BUNDLE_IDENTIFIER = "Elijah.pasv-card";
				PRODUCT_NAME = "$(TARGET_NAME)";
				SWIFT_EMIT_LOC_STRINGS = YES;
				SWIFT_VERSION = 5.0;
				TARGETED_DEVICE_FAMILY = "1,2";
			};
			name = Debug;
		};
		FA393CCA2B0FD3B3003AE2DE /* Release */ = {
			isa = XCBuildConfiguration;
			baseConfigurationReference = 229C2D6D73767FB94A52F6AD /* Pods-pasv_card.release.xcconfig */;
			buildSettings = {
				ASSETCATALOG_COMPILER_APPICON_NAME = AppIcon;
				ASSETCATALOG_COMPILER_GLOBAL_ACCENT_COLOR_NAME = AccentColor;
				CODE_SIGN_STYLE = Automatic;
				CURRENT_PROJECT_VERSION = 1;
				DEVELOPMENT_TEAM = F7PJFMPBYH;
				GENERATE_INFOPLIST_FILE = YES;
				INFOPLIST_FILE = pasv_card/Info.plist;
				INFOPLIST_KEY_UIApplicationSupportsIndirectInputEvents = YES;
				INFOPLIST_KEY_UILaunchStoryboardName = LaunchScreen;
				INFOPLIST_KEY_UIMainStoryboardFile = Main;
				INFOPLIST_KEY_UISupportedInterfaceOrientations_iPad = "UIInterfaceOrientationPortrait UIInterfaceOrientationPortraitUpsideDown UIInterfaceOrientationLandscapeLeft UIInterfaceOrientationLandscapeRight";
				INFOPLIST_KEY_UISupportedInterfaceOrientations_iPhone = "UIInterfaceOrientationPortrait UIInterfaceOrientationLandscapeLeft UIInterfaceOrientationLandscapeRight";
				LD_RUNPATH_SEARCH_PATHS = (
					"$(inherited)",
					"@executable_path/Frameworks",
				);
				MARKETING_VERSION = 1.0;
				PRODUCT_BUNDLE_IDENTIFIER = "Elijah.pasv-card";
				PRODUCT_NAME = "$(TARGET_NAME)";
				SWIFT_EMIT_LOC_STRINGS = YES;
				SWIFT_VERSION = 5.0;
				TARGETED_DEVICE_FAMILY = "1,2";
			};
			name = Release;
		};
/* End XCBuildConfiguration section */

/* Begin XCConfigurationList section */
		FA393CAF2B0FD3B1003AE2DE /* Build configuration list for PBXProject "pasv_card" */ = {
			isa = XCConfigurationList;
			buildConfigurations = (
				FA393CC62B0FD3B3003AE2DE /* Debug */,
				FA393CC72B0FD3B3003AE2DE /* Release */,
			);
			defaultConfigurationIsVisible = 0;
			defaultConfigurationName = Release;
		};
		FA393CC82B0FD3B3003AE2DE /* Build configuration list for PBXNativeTarget "pasv_card" */ = {
			isa = XCConfigurationList;
			buildConfigurations = (
				FA393CC92B0FD3B3003AE2DE /* Debug */,
				FA393CCA2B0FD3B3003AE2DE /* Release */,
			);
			defaultConfigurationIsVisible = 0;
			defaultConfigurationName = Release;
		};
/* End XCConfigurationList section */

/* Begin XCRemoteSwiftPackageReference section */
		FAA4347C2B9D213D00751459 /* XCRemoteSwiftPackageReference "MarkdownView" */ = {
			isa = XCRemoteSwiftPackageReference;
			repositoryURL = "https://github.com/keitaoouchi/MarkdownView";
			requirement = {
				kind = upToNextMajorVersion;
				minimumVersion = 1.9.1;
			};
		};
/* End XCRemoteSwiftPackageReference section */

/* Begin XCSwiftPackageProductDependency section */
		FAA4347D2B9D213D00751459 /* MarkdownView */ = {
			isa = XCSwiftPackageProductDependency;
			package = FAA4347C2B9D213D00751459 /* XCRemoteSwiftPackageReference "MarkdownView" */;
			productName = MarkdownView;
		};
/* End XCSwiftPackageProductDependency section */
	};
	rootObject = FA393CAC2B0FD3B1003AE2DE /* Project object */;
}
